github.com/davecgh/go-spew v1.1.1 h1:vj9j/u1bqnvCEfJOwUhtlOARqs3+rkHYY13jYWTU97c=
github.com/davecgh/go-spew v1.1.1/go.mod h1:J7Y8YcW2NihsgmVo/mv3lAwl/skON4iLHjSsI+c5H38=
github.com/google/go-cmp v0.5.9 h1:O2Tfq5qg4qc4AmwVlvv0oLiVAGB7enBSJ2x2DqQFi38=
github.com/google/go-cmp v0.5.9/go.mod h1:17dUlkBOakJ0+DkrSSNjCkIjxS6bF9zb3elmeNGIjoY=
github.com/jstemmer/go-junit-report v1.0.0 h1:8X1gzZpR+nVQLAht+L/foqOeX2l9DTZoaIPbEQHxsds=
github.com/jstemmer/go-junit-report v1.0.0/go.mod h1:Brl9GWCQeLvo8nXZwPNNblvFj/XSXhF0NWZEnDohbsk=
github.com/maxbrunsfeld/counterfeiter/v6 v6.6.1 h1:9XE5ykDiC8eNSqIPkxx0EsV3kMX1oe4kQWRZjIgytUA=
github.com/maxbrunsfeld/counterfeiter/v6 v6.6.1/go.mod h1:qbKwBR+qQODzH2WD/s53mdgp/xVcXMlJb59GRFOp6Z4=
github.com/nginxinc/nginx-go-crossplane v0.4.41 h1:voodw+ayOpEOw5kv2Wn/Q+vRJ+ABVVEKZTz1aAYYQnE=
github.com/nginxinc/nginx-go-crossplane v0.4.41/go.mod h1:UzbZnyFv0vPlt1Urbnp/mrFCzBL4tYCReFuNBpFQEfI=
github.com/onsi/gomega v1.26.0 h1:03cDLK28U6hWvCAns6NeydX3zIm4SF3ci69ulidS32Q=
github.com/onsi/gomega v1.26.0/go.mod h1:r+zV744Re+DiYCIPRlYOTxn0YkOLcAnW8k1xXdMPGhM=
github.com/pmezard/go-difflib v1.0.0 h1:4DBwDE0NGyQoBHbLQYPwSUPoCMWR5BEzIk/f1lZbAQM=
github.com/pmezard/go-difflib v1.0.0/go.mod h1:iKH77koFhYxTK1pcRnkKkqfTogsbg7gZNVY4sRDYZ/4=
github.com/sclevine/spec v1.4.0 h1:z/Q9idDcay5m5irkZ28M7PtQM4aOISzOpj4bUPkDee8=
github.com/sclevine/spec v1.4.0/go.mod h1:LvpgJaFyvQzRvc1kaDs0bulYwzC70PbiYjC4QnFHkOM=
github.com/stretchr/testify v1.8.2 h1:+h33VjcLVPDHtOdpUCuF+7gSuG3yGIftsP1YvFihtJ8=
github.com/stretchr/testify v1.8.2/go.mod h1:w2LPCIKwWwSfY2zedu0+kehJoqGctiVI29o6fzry7u4=
golang.org/x/mod v0.10.0 h1:lFO9qtOdlre5W1jxS3r/4szv2/6iXxScdzjoBMXNhYk=
golang.org/x/mod v0.10.0/go.mod h1:iBbtSCu2XBx23ZKBPSOrRkjjQPZFPuis4dIYUhu/chs=
golang.org/x/net v0.9.0 h1:aWJ/m6xSmxWBx+V0XRHTlrYrPG56jKsLdTFmsSsCzOM=
golang.org/x/net v0.9.0/go.mod h1:d48xBJpPfHeWQsugry2m+kC02ZBRGRgulfHnEXEuWns=
golang.org/x/sync v0.1.0 h1:wsuoTGHzEhffawBOhz5CYhcrV4IdKZbEyZjBMuTp12o=
golang.org/x/sync v0.1.0/go.mod h1:RxMgew5VJxzue5/jJTE5uejpjVlOe/izrB70Jof72aM=
golang.org/x/sys v0.7.0 h1:3jlCCIQZPdOYu1h8BkNvLz8Kgwtae2cagcG/VamtZRU=
golang.org/x/sys v0.7.0/go.mod h1:oPkhp1MJrh7nUepCBck5+mAzfO9JrbApNNgaTdGDITg=
golang.org/x/text v0.6.0 h1:3XmdazWV+ubf7QgHSTWeykHOci5oeekaGJBLkrkaw4k=
golang.org/x/text v0.6.0/go.mod h1:mrYo+phRRbMaCq/xk9113O4dZlRixOauAjOtrjsXDZ8=
golang.org/x/tools v0.8.0 h1:vSDcovVPld282ceKgDimkRSC8kpaH1dgyc9UMzlt84Y=
golang.org/x/tools v0.8.0/go.mod h1:JxBZ99ISMI5ViVkT1tr6tdNmXeTrcpVSD3vZ1RsRdN4=
gopkg.in/yaml.v3 v3.0.1 h1:fxVm/GzAzEWqLHuvctI91KS9hhNmmWOoWu0XTYJS7CA=
gopkg.in/yaml.v3 v3.0.1/go.mod h1:K4uyk7z7BCEPqu6E+C64Yfv1cQ7kz7rIZviUmN+EgEM=
